<Solution>
  <Folder Name="/Solution Items/">
    <File Path=".gitattributes" />
    <File Path=".gitignore" />
    <File Path="LICENSE" />
    <File Path="README.md" />
  </Folder>
  <Project Path="DapperCodeGenerator.Core/DapperCodeGenerator.Core.csproj" />
  <Project Path="DapperCodeGenerator.Web/DapperCodeGenerator.Web.csproj" />
</Solution>
